
Microsoft Visual Studio Solution File, Format Version 12.00
# Visual Studio Version 17
VisualStudioVersion = 17.10.34916.146
MinimumVisualStudioVersion = 10.0.40219.1
Project("{FAE04EC0-301F-11D3-BF4B-00C04F79EFBC}") = "dotNET V8", "dotNET V8\dotNET V8.csproj", "{D02BF966-15AF-4E28-B7E9-739AC6637D89}"
EndProject
Global
	GlobalSection(SolutionConfigurationPlatforms) = preSolution
		Debug|Any CPU = Debug|Any CPU
		Release|Any CPU = Release|Any CPU
	EndGlobalSection
	GlobalSection(ProjectConfigurationPlatforms) = postSolution
		{D02BF966-15AF-4E28-B7E9-739AC6637D89}.Debug|Any CPU.ActiveCfg = Debug|Any CPU
		{D02BF966-15AF-4E28-B7E9-739AC6637D89}.Debug|Any CPU.Build.0 = Debug|Any CPU
		{D02BF966-15AF-4E28-B7E9-739AC6637D89}.Release|Any CPU.ActiveCfg = Release|Any CPU
		{D02BF966-15AF-4E28-B7E9-739AC6637D89}.Release|Any CPU.Build.0 = Release|Any CPU
	EndGlobalSection
	GlobalSection(SolutionProperties) = preSolution
		HideSolutionNode = FALSE
	EndGlobalSection
	GlobalSection(ExtensibilityGlobals) = postSolution
		SolutionGuid = {C86FC558-73DB-4BE5-B92B-E9BDA5402DE5}
	EndGlobalSection
EndGlobal
